hash: 38e9436fc158f88e5fe7b224cbd499235d76aad464f4f761c454a863ea7c4f52
updated: 2019-10-03T03:15:08.655501149Z
imports:
- name: github.com/aead/siphash
  version: 83563a290f60225eb120d724600b9690c3fb536f
- name: github.com/blang/semver
  version: ba2c2ddd89069b46a7011d4106f6868f17ee1705
- name: github.com/btcsuite/go-socks
  version: 4720035b7bfd2a9bb130b1c184f8bbe41b6f0d0f
  subpackages:
  - socks
- name: github.com/btcsuite/goleveldb
  version: 7834afc9e8cd15233b6c3d97e12674a31ca24602
  subpackages:
  - leveldb
  - leveldb/cache
  - leveldb/comparer
  - leveldb/errors
  - leveldb/filter
  - leveldb/iterator
  - leveldb/journal
  - leveldb/memdb
  - leveldb/opt
  - leveldb/storage
  - leveldb/table
  - leveldb/util
- name: github.com/btcsuite/snappy-go
  version: 0bdef8d067237991ddaa1bb6072a740bc40601ba
- name: github.com/btcsuite/websocket
  version: 31079b6807923eb23992c421b114992b95131b55
- name: github.com/btcsuite/winsvc
  version: f8fb11f83f7e860e3769a08e6811d1b399a43722
  subpackages:
  - eventlog
  - mgr
  - registry
  - svc
  - winapi
- name: github.com/davecgh/go-spew
  version: ecdeabc65495df2dec95d7c4a4c3e021903035e5
  subpackages:
  - spew
- name: github.com/golang/freetype
  version: e2365dfdc4a05e4b8299a783240d4a7d5a65d4e4
  subpackages:
  - raster
  - truetype
- name: github.com/jessevdk/go-flags
  version: 1679536dcc895411a9f5848d9a0250be7856448c
- name: github.com/jrick/logrotate
  version: a93b200c26cbae3bb09dd0dc2c7c7fe1468a034a
  subpackages:
  - rotator
- name: github.com/kkdai/bstream
  version: f391b8402d23024e7c0f624b31267a89998fca95
- name: github.com/pkg/errors
  version: 27936f6d90f9c8e1145f11ed52ffffbfdb9e0af7
- name: github.com/Qitmeer/qitmeer-lib
  version: b10740b316a8cc8f798231af5c119717953253af
  subpackages:
  - common/hash
  - core/json
  - crypto/cuckoo
  - crypto/cuckoo/siphash
- name: github.com/wcharczuk/go-chart
  version: 9852fce5a172598e72d16f4306f0f17a53d94eb4
  subpackages:
  - drawing
  - matrix
  - roboto
  - seq
  - util
- name: golang.org/x/crypto
  version: 56440b844dfe139a8ac053f4ecac0b20b79058f4
  subpackages:
  - blake2b
  - ripemd160
  - sha3
- name: golang.org/x/image
  version: 3fc05d484e9f77dd51816890e05f2602e4ca4d65
  subpackages:
  - draw
  - font
  - math/f64
  - math/fixed
- name: golang.org/x/sys
  version: b397fe3ad8ed895c98fa54584f61835a88e65ff5
  subpackages:
  - cpu
testImports: []
